// !$*UTF8*$!
{
	archiveVersion = 1;
	classes = {
	};
	objectVersion = 77;
	objects = {

/* Begin PBXContainerItemProxy section */
		2382EAD82CDE23370072CFAC /* PBXContainerItemProxy */ = {
			isa = PBXContainerItemProxy;
			containerPortal = 2382EABF2CDE23350072CFAC /* Project object */;
			proxyType = 1;
			remoteGlobalIDString = 2382EAC62CDE23350072CFAC;
			remoteInfo = "Thunder Gallery";
		};
		2382EAE22CDE23370072CFAC /* PBXContainerItemProxy */ = {
			isa = PBXContainerItemProxy;
			containerPortal = 2382EABF2CDE23350072CFAC /* Project object */;
			proxyType = 1;
			remoteGlobalIDString = 2382EAC62CDE23350072CFAC;
			remoteInfo = "Thunder Gallery";
		};
/* End PBXContainerItemProxy section */

/* Begin PBXFileReference section */
		2382EAC72CDE23350072CFAC /* Thunder Gallery.app */ = {isa = PBXFileReference; explicitFileType = wrapper.application; includeInIndex = 0; path = "Thunder Gallery.app"; sourceTree = BUILT_PRODUCTS_DIR; };
		2382EAD72CDE23370072CFAC /* Thunder GalleryTests.xctest */ = {isa = PBXFileReference; explicitFileType = wrapper.cfbundle; includeInIndex = 0; path = "Thunder GalleryTests.xctest"; sourceTree = BUILT_PRODUCTS_DIR; };
		2382EAE12CDE23370072CFAC /* Thunder GalleryUITests.xctest */ = {isa = PBXFileReference; explicitFileType = wrapper.cfbundle; includeInIndex = 0; path = "Thunder GalleryUITests.xctest"; sourceTree = BUILT_PRODUCTS_DIR; };
/* End PBXFileReference section */

/* Begin PBXFileSystemSynchronizedRootGroup section */
		2382EAC92CDE23350072CFAC /* Thunder Gallery */ = {
			isa = PBXFileSystemSynchronizedRootGroup;
			path = "Thunder Gallery";
			sourceTree = "<group>";
		};
		2382EADA2CDE23370072CFAC /* Thunder GalleryTests */ = {
			isa = PBXFileSystemSynchronizedRootGroup;
			path = "Thunder GalleryTests";
			sourceTree = "<group>";
		};
		2382EAE42CDE23370072CFAC /* Thunder GalleryUITests */ = {
			isa = PBXFileSystemSynchronizedRootGroup;
			path = "Thunder GalleryUITests";
			sourceTree = "<group>";
		};
/* End PBXFileSystemSynchronizedRootGroup section */

/* Begin PBXFrameworksBuildPhase section */
		2382EAC42CDE23350072CFAC /* Frameworks */ = {
			isa = PBXFrameworksBuildPhase;
			buildActionMask = 2147483647;
			files = (
			);
			runOnlyForDeploymentPostprocessing = 0;
		};
		2382EAD42CDE23370072CFAC /* Frameworks */ = {
			isa = PBXFrameworksBuildPhase;
			buildActionMask = 2147483647;
			files = (
			);
			runOnlyForDeploymentPostprocessing = 0;
		};
		2382EADE2CDE23370072CFAC /* Frameworks */ = {
			isa = PBXFrameworksBuildPhase;
			buildActionMask = 2147483647;
			files = (
			);
			runOnlyForDeploymentPostprocessing = 0;
		};
/* End PBXFrameworksBuildPhase section */

/* Begin PBXGroup section */
		2382EABE2CDE23350072CFAC = {
			isa = PBXGroup;
			children = (
				2382EAC92CDE23350072CFAC /* Thunder Gallery */,
				2382EADA2CDE23370072CFAC /* Thunder GalleryTests */,
				2382EAE42CDE23370072CFAC /* Thunder GalleryUITests */,
				2382EAC82CDE23350072CFAC /* Products */,
			);
			sourceTree = "<group>";
		};
		2382EAC82CDE23350072CFAC /* Products */ = {
			isa = PBXGroup;
			children = (
				2382EAC72CDE23350072CFAC /* Thunder Gallery.app */,
				2382EAD72CDE23370072CFAC /* Thunder GalleryTests.xctest */,
				2382EAE12CDE23370072CFAC /* Thunder GalleryUITests.xctest */,
			);
			name = Products;
			sourceTree = "<group>";
		};
/* End PBXGroup section */

/* Begin PBXNativeTarget section */
		2382EAC62CDE23350072CFAC /* Thunder Gallery */ = {
			isa = PBXNativeTarget;
			buildConfigurationList = 2382EAEB2CDE23370072CFAC /* Build configuration list for PBXNativeTarget "Thunder Gallery" */;
			buildPhases = (
				2382EAC32CDE23350072CFAC /* Sources */,
				2382EAC42CDE23350072CFAC /* Frameworks */,
				2382EAC52CDE23350072CFAC /* Resources */,
			);
			buildRules = (
			);
			dependencies = (
			);
			fileSystemSynchronizedGroups = (
				2382EAC92CDE23350072CFAC /* Thunder Gallery */,
			);
			name = "Thunder Gallery";
			packageProductDependencies = (
			);
			productName = "Thunder Gallery";
			productReference = 2382EAC72CDE23350072CFAC /* Thunder Gallery.app */;
			productType = "com.apple.product-type.application";
		};
		2382EAD62CDE23370072CFAC /* Thunder GalleryTests */ = {
			isa = PBXNativeTarget;
			buildConfigurationList = 2382EAEE2CDE23370072CFAC /* Build configuration list for PBXNativeTarget "Thunder GalleryTests" */;
			buildPhases = (
				2382EAD32CDE23370072CFAC /* Sources */,
				2382EAD42CDE23370072CFAC /* Frameworks */,
				2382EAD52CDE23370072CFAC /* Resources */,
			);
			buildRules = (
			);
			dependencies = (
				2382EAD92CDE23370072CFAC /* PBXTargetDependency */,
			);
			fileSystemSynchronizedGroups = (
				2382EADA2CDE23370072CFAC /* Thunder GalleryTests */,
			);
			name = "Thunder GalleryTests";
			packageProductDependencies = (
			);
			productName = "Thunder GalleryTests";
			productReference = 2382EAD72CDE23370072CFAC /* Thunder GalleryTests.xctest */;
			productType = "com.apple.product-type.bundle.unit-test";
		};
		2382EAE02CDE23370072CFAC /* Thunder GalleryUITests */ = {
			isa = PBXNativeTarget;
			buildConfigurationList = 2382EAF12CDE23370072CFAC /* Build configuration list for PBXNativeTarget "Thunder GalleryUITests" */;
			buildPhases = (
				2382EADD2CDE23370072CFAC /* Sources */,
				2382EADE2CDE23370072CFAC /* Frameworks */,
				2382EADF2CDE23370072CFAC /* Resources */,
			);
			buildRules = (
			);
			dependencies = (
				2382EAE32CDE23370072CFAC /* PBXTargetDependency */,
			);
			fileSystemSynchronizedGroups = (
				2382EAE42CDE23370072CFAC /* Thunder GalleryUITests */,
			);
			name = "Thunder GalleryUITests";
			packageProductDependencies = (
			);
			productName = "Thunder GalleryUITests";
			productReference = 2382EAE12CDE23370072CFAC /* Thunder GalleryUITests.xctest */;
			productType = "com.apple.product-type.bundle.ui-testing";
		};
/* End PBXNativeTarget section */

/* Begin PBXProject section */
		2382EABF2CDE23350072CFAC /* Project object */ = {
			isa = PBXProject;
			attributes = {
				BuildIndependentTargetsInParallel = 1;
				LastSwiftUpdateCheck = 1610;
				LastUpgradeCheck = 1610;
				TargetAttributes = {
					2382EAC62CDE23350072CFAC = {
						CreatedOnToolsVersion = 16.1;
					};
					2382EAD62CDE23370072CFAC = {
						CreatedOnToolsVersion = 16.1;
						TestTargetID = 2382EAC62CDE23350072CFAC;
					};
					2382EAE02CDE23370072CFAC = {
						CreatedOnToolsVersion = 16.1;
						TestTargetID = 2382EAC62CDE23350072CFAC;
					};
				};
			};
			buildConfigurationList = 2382EAC22CDE23350072CFAC /* Build configuration list for PBXProject "Thunder Gallery" */;
			developmentRegion = en;
			hasScannedForEncodings = 0;
			knownRegions = (
				en,
				Base,
			);
			mainGroup = 2382EABE2CDE23350072CFAC;
			minimizedProjectReferenceProxies = 1;
			preferredProjectObjectVersion = 77;
			productRefGroup = 2382EAC82CDE23350072CFAC /* Products */;
			projectDirPath = "";
			projectRoot = "";
			targets = (
				2382EAC62CDE23350072CFAC /* Thunder Gallery */,
				2382EAD62CDE23370072CFAC /* Thunder GalleryTests */,
				2382EAE02CDE23370072CFAC /* Thunder GalleryUITests */,
			);
		};
/* End PBXProject section */

/* Begin PBXResourcesBuildPhase section */
		2382EAC52CDE23350072CFAC /* Resources */ = {
			isa = PBXResourcesBuildPhase;
			buildActionMask = 2147483647;
			files = (
			);
			runOnlyForDeploymentPostprocessing = 0;
		};
		2382EAD52CDE23370072CFAC /* Resources */ = {
			isa = PBXResourcesBuildPhase;
			buildActionMask = 2147483647;
			files = (
			);
			runOnlyForDeploymentPostprocessing = 0;
		};
		2382EADF2CDE23370072CFAC /* Resources */ = {
			isa = PBXResourcesBuildPhase;
			buildActionMask = 2147483647;
			files = (
			);
			runOnlyForDeploymentPostprocessing = 0;
		};
/* End PBXResourcesBuildPhase section */

/* Begin PBXSourcesBuildPhase section */
		2382EAC32CDE23350072CFAC /* Sources */ = {
			isa = PBXSourcesBuildPhase;
			buildActionMask = 2147483647;
			files = (
			);
			runOnlyForDeploymentPostprocessing = 0;
		};
		2382EAD32CDE23370072CFAC /* Sources */ = {
			isa = PBXSourcesBuildPhase;
			buildActionMask = 2147483647;
			files = (
			);
			runOnlyForDeploymentPostprocessing = 0;
		};
		2382EADD2CDE23370072CFAC /* Sources */ = {
			isa = PBXSourcesBuildPhase;
			buildActionMask = 2147483647;
			files = (
			);
			runOnlyForDeploymentPostprocessing = 0;
		};
/* End PBXSourcesBuildPhase section */

/* Begin PBXTargetDependency section */
		2382EAD92CDE23370072CFAC /* PBXTargetDependency */ = {
			isa = PBXTargetDependency;
			target = 2382EAC62CDE23350072CFAC /* Thunder Gallery */;
			targetProxy = 2382EAD82CDE23370072CFAC /* PBXContainerItemProxy */;
		};
		2382EAE32CDE23370072CFAC /* PBXTargetDependency */ = {
			isa = PBXTargetDependency;
			target = 2382EAC62CDE23350072CFAC /* Thunder Gallery */;
			targetProxy = 2382EAE22CDE23370072CFAC /* PBXContainerItemProxy */;
		};
/* End PBXTargetDependency section */

/* Begin XCBuildConfiguration section */
		2382EAE92CDE23370072CFAC /* Debug */ = {
			isa = XCBuildConfiguration;
			buildSettings = {
				ALWAYS_SEARCH_USER_PATHS = NO;
				ASSETCATALOG_COMPILER_GENERATE_SWIFT_ASSET_SYMBOL_EXTENSIONS = YES;
				CLANG_ANALYZER_NONNULL = YES;
				CLANG_ANALYZER_NUMBER_OBJECT_CONVERSION = YES_AGGRESSIVE;
				CLANG_CXX_LANGUAGE_STANDARD = "gnu++20";
				CLANG_ENABLE_MODULES = YES;
				CLANG_ENABLE_OBJC_ARC = YES;
				CLANG_ENABLE_OBJC_WEAK = YES;
				CLANG_WARN_BLOCK_CAPTURE_AUTORELEASING = YES;
				CLANG_WARN_BOOL_CONVERSION = YES;
				CLANG_WARN_COMMA = YES;
				CLANG_WARN_CONSTANT_CONVERSION = YES;
				CLANG_WARN_DEPRECATED_OBJC_IMPLEMENTATIONS = YES;
				CLANG_WARN_DIRECT_OBJC_ISA_USAGE = YES_ERROR;
				CLANG_WARN_DOCUMENTATION_COMMENTS = YES;
				CLANG_WARN_EMPTY_BODY = YES;
				CLANG_WARN_ENUM_CONVERSION = YES;
				CLANG_WARN_INFINITE_RECURSION = YES;
				CLANG_WARN_INT_CONVERSION = YES;
				CLANG_WARN_NON_LITERAL_NULL_CONVERSION = YES;
				CLANG_WARN_OBJC_IMPLICIT_RETAIN_SELF = YES;
				CLANG_WARN_OBJC_LITERAL_CONVERSION = YES;
				CLANG_WARN_OBJC_ROOT_CLASS = YES_ERROR;
				CLANG_WARN_QUOTED_INCLUDE_IN_FRAMEWORK_HEADER = YES;
				CLANG_WARN_RANGE_LOOP_ANALYSIS = YES;
				CLANG_WARN_STRICT_PROTOTYPES = YES;
				CLANG_WARN_SUSPICIOUS_MOVE = YES;
				CLANG_WARN_UNGUARDED_AVAILABILITY = YES_AGGRESSIVE;
				CLANG_WARN_UNREACHABLE_CODE = YES;
				CLANG_WARN__DUPLICATE_METHOD_MATCH = YES;
				COPY_PHASE_STRIP = NO;
				DEBUG_INFORMATION_FORMAT = dwarf;
				ENABLE_STRICT_OBJC_MSGSEND = YES;
				ENABLE_TESTABILITY = YES;
				ENABLE_USER_SCRIPT_SANDBOXING = YES;
				GCC_C_LANGUAGE_STANDARD = gnu17;
				GCC_DYNAMIC_NO_PIC = NO;
				GCC_NO_COMMON_BLOCKS = YES;
				GCC_OPTIMIZATION_LEVEL = 0;
				GCC_PREPROCESSOR_DEFINITIONS = (
					"DEBUG=1",
					"$(inherited)",
				);
				GCC_WARN_64_TO_32_BIT_CONVERSION = YES;
				GCC_WARN_ABOUT_RETURN_TYPE = YES_ERROR;
				GCC_WARN_UNDECLARED_SELECTOR = YES;
				GCC_WARN_UNINITIALIZED_AUTOS = YES_AGGRESSIVE;
				GCC_WARN_UNUSED_FUNCTION = YES;
				GCC_WARN_UNUSED_VARIABLE = YES;
				IPHONEOS_DEPLOYMENT_TARGET = 18.1;
				LOCALIZATION_PREFERS_STRING_CATALOGS = YES;
				MTL_ENABLE_DEBUG_INFO = INCLUDE_SOURCE;
				MTL_FAST_MATH = YES;
				ONLY_ACTIVE_ARCH = YES;
				SDKROOT = iphoneos;
				SWIFT_ACTIVE_COMPILATION_CONDITIONS = "DEBUG $(inherited)";
				SWIFT_OPTIMIZATION_LEVEL = "-Onone";
			};
			name = Debug;
		};
		2382EAEA2CDE23370072CFAC /* Release */ = {
			isa = XCBuildConfiguration;
			buildSettings = {
				ALWAYS_SEARCH_USER_PATHS = NO;
				ASSETCATALOG_COMPILER_GENERATE_SWIFT_ASSET_SYMBOL_EXTENSIONS = YES;
				CLANG_ANALYZER_NONNULL = YES;
				CLANG_ANALYZER_NUMBER_OBJECT_CONVERSION = YES_AGGRESSIVE;
				CLANG_CXX_LANGUAGE_STANDARD = "gnu++20";
				CLANG_ENABLE_MODULES = YES;
				CLANG_ENABLE_OBJC_ARC = YES;
				CLANG_ENABLE_OBJC_WEAK = YES;
				CLANG_WARN_BLOCK_CAPTURE_AUTORELEASING = YES;
				CLANG_WARN_BOOL_CONVERSION = YES;
				CLANG_WARN_COMMA = YES;
				CLANG_WARN_CONSTANT_CONVERSION = YES;
				CLANG_WARN_DEPRECATED_OBJC_IMPLEMENTATIONS = YES;
				CLANG_WARN_DIRECT_OBJC_ISA_USAGE = YES_ERROR;
				CLANG_WARN_DOCUMENTATION_COMMENTS = YES;
				CLANG_WARN_EMPTY_BODY = YES;
				CLANG_WARN_ENUM_CONVERSION = YES;
				CLANG_WARN_INFINITE_RECURSION = YES;
				CLANG_WARN_INT_CONVERSION = YES;
				CLANG_WARN_NON_LITERAL_NULL_CONVERSION = YES;
				CLANG_WARN_OBJC_IMPLICIT_RETAIN_SELF = YES;
				CLANG_WARN_OBJC_LITERAL_CONVERSION = YES;
				CLANG_WARN_OBJC_ROOT_CLASS = YES_ERROR;
				CLANG_WARN_QUOTED_INCLUDE_IN_FRAMEWORK_HEADER = YES;
				CLANG_WARN_RANGE_LOOP_ANALYSIS = YES;
				CLANG_WARN_STRICT_PROTOTYPES = YES;
				CLANG_WARN_SUSPICIOUS_MOVE = YES;
				CLANG_WARN_UNGUARDED_AVAILABILITY = YES_AGGRESSIVE;
				CLANG_WARN_UNREACHABLE_CODE = YES;
				CLANG_WARN__DUPLICATE_METHOD_MATCH = YES;
				COPY_PHASE_STRIP = NO;
				DEBUG_INFORMATION_FORMAT = "dwarf-with-dsym";
				ENABLE_NS_ASSERTIONS = NO;
				ENABLE_STRICT_OBJC_MSGSEND = YES;
				ENABLE_USER_SCRIPT_SANDBOXING = YES;
				GCC_C_LANGUAGE_STANDARD = gnu17;
				GCC_NO_COMMON_BLOCKS = YES;
				GCC_WARN_64_TO_32_BIT_CONVERSION = YES;
				GCC_WARN_ABOUT_RETURN_TYPE = YES_ERROR;
				GCC_WARN_UNDECLARED_SELECTOR = YES;
				GCC_WARN_UNINITIALIZED_AUTOS = YES_AGGRESSIVE;
				GCC_WARN_UNUSED_FUNCTION = YES;
				GCC_WARN_UNUSED_VARIABLE = YES;
				IPHONEOS_DEPLOYMENT_TARGET = 18.1;
				LOCALIZATION_PREFERS_STRING_CATALOGS = YES;
				MTL_ENABLE_DEBUG_INFO = NO;
				MTL_FAST_MATH = YES;
				SDKROOT = iphoneos;
				SWIFT_COMPILATION_MODE = wholemodule;
				VALIDATE_PRODUCT = YES;
			};
			name = Release;
		};
		2382EAEC2CDE23370072CFAC /* Debug */ = {
			isa = XCBuildConfiguration;
			buildSettings = {
				ASSETCATALOG_COMPILER_APPICON_NAME = AppIcon;
				ASSETCATALOG_COMPILER_GLOBAL_ACCENT_COLOR_NAME = AccentColor;
				CODE_SIGN_STYLE = Automatic;
				CURRENT_PROJECT_VERSION = 1;
				DEVELOPMENT_ASSET_PATHS = "\"Thunder Gallery/Preview Content\"";
				DEVELOPMENT_TEAM = 8TBX4K4RDQ;
				ENABLE_PREVIEWS = YES;
				GENERATE_INFOPLIST_FILE = YES;
				INFOPLIST_KEY_UIApplicationSceneManifest_Generation = YES;
				INFOPLIST_KEY_UIApplicationSupportsIndirectInputEvents = YES;
				INFOPLIST_KEY_UILaunchScreen_Generation = YES;
				INFOPLIST_KEY_UISupportedInterfaceOrientations_iPad = "UIInterfaceOrientationPortrait UIInterfaceOrientationPortraitUpsideDown UIInterfaceOrientationLandscapeLeft UIInterfaceOrientationLandscapeRight";
				INFOPLIST_KEY_UISupportedInterfaceOrientations_iPhone = "UIInterfaceOrientationPortrait UIInterfaceOrientationLandscapeLeft UIInterfaceOrientationLandscapeRight";
				LD_RUNPATH_SEARCH_PATHS = (
					"$(inherited)",
					"@executable_path/Frameworks",
				);
				MARKETING_VERSION = 1.0;
				PRODUCT_BUNDLE_IDENTIFIER = "com.sougata.Thunder-Gallery";
				PRODUCT_NAME = "$(TARGET_NAME)";
				SWIFT_EMIT_LOC_STRINGS = YES;
				SWIFT_VERSION = 5.0;
				TARGETED_DEVICE_FAMILY = "1,2";
			};
			name = Debug;
		};
		2382EAED2CDE23370072CFAC /* Release */ = {
			isa = XCBuildConfiguration;
			buildSettings = {
				ASSETCATALOG_COMPILER_APPICON_NAME = AppIcon;
				ASSETCATALOG_COMPILER_GLOBAL_ACCENT_COLOR_NAME = AccentColor;
				CODE_SIGN_STYLE = Automatic;
				CURRENT_PROJECT_VERSION = 1;
				DEVELOPMENT_ASSET_PATHS = "\"Thunder Gallery/Preview Content\"";
				DEVELOPMENT_TEAM = 8TBX4K4RDQ;
				ENABLE_PREVIEWS = YES;
				GENERATE_INFOPLIST_FILE = YES;
				INFOPLIST_KEY_UIApplicationSceneManifest_Generation = YES;
				INFOPLIST_KEY_UIApplicationSupportsIndirectInputEvents = YES;
				INFOPLIST_KEY_UILaunchScreen_Generation = YES;
				INFOPLIST_KEY_UISupportedInterfaceOrientations_iPad = "UIInterfaceOrientationPortrait UIInterfaceOrientationPortraitUpsideDown UIInterfaceOrientationLandscapeLeft UIInterfaceOrientationLandscapeRight";
				INFOPLIST_KEY_UISupportedInterfaceOrientations_iPhone = "UIInterfaceOrientationPortrait UIInterfaceOrientationLandscapeLeft UIInterfaceOrientationLandscapeRight";
				LD_RUNPATH_SEARCH_PATHS = (
					"$(inherited)",
					"@executable_path/Frameworks",
				);
				MARKETING_VERSION = 1.0;
				PRODUCT_BUNDLE_IDENTIFIER = "com.sougata.Thunder-Gallery";
				PRODUCT_NAME = "$(TARGET_NAME)";
				SWIFT_EMIT_LOC_STRINGS = YES;
				SWIFT_VERSION = 5.0;
				TARGETED_DEVICE_FAMILY = "1,2";
			};
			name = Release;
		};
		2382EAEF2CDE23370072CFAC /* Debug */ = {
			isa = XCBuildConfiguration;
			buildSettings = {
				BUNDLE_LOADER = "$(TEST_HOST)";
				CODE_SIGN_STYLE = Automatic;
				CURRENT_PROJECT_VERSION = 1;
				DEVELOPMENT_TEAM = 8TBX4K4RDQ;
				GENERATE_INFOPLIST_FILE = YES;
				IPHONEOS_DEPLOYMENT_TARGET = 18.1;
				MARKETING_VERSION = 1.0;
				PRODUCT_BUNDLE_IDENTIFIER = "com.sougata.Thunder-GalleryTests";
				PRODUCT_NAME = "$(TARGET_NAME)";
				SWIFT_EMIT_LOC_STRINGS = NO;
				SWIFT_VERSION = 5.0;
				TARGETED_DEVICE_FAMILY = "1,2";
				TEST_HOST = "$(BUILT_PRODUCTS_DIR)/Thunder Gallery.app/$(BUNDLE_EXECUTABLE_FOLDER_PATH)/Thunder Gallery";
			};
			name = Debug;
		};
		2382EAF02CDE23370072CFAC /* Release */ = {
			isa = XCBuildConfiguration;
			buildSettings = {
				BUNDLE_LOADER = "$(TEST_HOST)";
				CODE_SIGN_STYLE = Automatic;
				CURRENT_PROJECT_VERSION = 1;
				DEVELOPMENT_TEAM = 8TBX4K4RDQ;
				GENERATE_INFOPLIST_FILE = YES;
				IPHONEOS_DEPLOYMENT_TARGET = 18.1;
				MARKETING_VERSION = 1.0;
				PRODUCT_BUNDLE_IDENTIFIER = "com.sougata.Thunder-GalleryTests";
				PRODUCT_NAME = "$(TARGET_NAME)";
				SWIFT_EMIT_LOC_STRINGS = NO;
				SWIFT_VERSION = 5.0;
				TARGETED_DEVICE_FAMILY = "1,2";
				TEST_HOST = "$(BUILT_PRODUCTS_DIR)/Thunder Gallery.app/$(BUNDLE_EXECUTABLE_FOLDER_PATH)/Thunder Gallery";
			};
			name = Release;
		};
		2382EAF22CDE23370072CFAC /* Debug */ = {
			isa = XCBuildConfiguration;
			buildSettings = {
				CODE_SIGN_STYLE = Automatic;
				CURRENT_PROJECT_VERSION = 1;
				DEVELOPMENT_TEAM = 8TBX4K4RDQ;
				GENERATE_INFOPLIST_FILE = YES;
				MARKETING_VERSION = 1.0;
				PRODUCT_BUNDLE_IDENTIFIER = "com.sougata.Thunder-GalleryUITests";
				PRODUCT_NAME = "$(TARGET_NAME)";
				SWIFT_EMIT_LOC_STRINGS = NO;
				SWIFT_VERSION = 5.0;
				TARGETED_DEVICE_FAMILY = "1,2";
				TEST_TARGET_NAME = "Thunder Gallery";
			};
			name = Debug;
		};
		2382EAF32CDE23370072CFAC /* Release */ = {
			isa = XCBuildConfiguration;
			buildSettings = {
				CODE_SIGN_STYLE = Automatic;
				CURRENT_PROJECT_VERSION = 1;
				DEVELOPMENT_TEAM = 8TBX4K4RDQ;
				GENERATE_INFOPLIST_FILE = YES;
				MARKETING_VERSION = 1.0;
				PRODUCT_BUNDLE_IDENTIFIER = "com.sougata.Thunder-GalleryUITests";
				PRODUCT_NAME = "$(TARGET_NAME)";
				SWIFT_EMIT_LOC_STRINGS = NO;
				SWIFT_VERSION = 5.0;
				TARGETED_DEVICE_FAMILY = "1,2";
				TEST_TARGET_NAME = "Thunder Gallery";
			};
			name = Release;
		};
/* End XCBuildConfiguration section */

/* Begin XCConfigurationList section */
		2382EAC22CDE23350072CFAC /* Build configuration list for PBXProject "Thunder Gallery" */ = {
			isa = XCConfigurationList;
			buildConfigurations = (
				2382EAE92CDE23370072CFAC /* Debug */,
				2382EAEA2CDE23370072CFAC /* Release */,
			);
			defaultConfigurationIsVisible = 0;
			defaultConfigurationName = Release;
		};
		2382EAEB2CDE23370072CFAC /* Build configuration list for PBXNativeTarget "Thunder Gallery" */ = {
			isa = XCConfigurationList;
			buildConfigurations = (
				2382EAEC2CDE23370072CFAC /* Debug */,
				2382EAED2CDE23370072CFAC /* Release */,
			);
			defaultConfigurationIsVisible = 0;
			defaultConfigurationName = Release;
		};
		2382EAEE2CDE23370072CFAC /* Build configuration list for PBXNativeTarget "Thunder GalleryTests" */ = {
			isa = XCConfigurationList;
			buildConfigurations = (
				2382EAEF2CDE23370072CFAC /* Debug */,
				2382EAF02CDE23370072CFAC /* Release */,
			);
			defaultConfigurationIsVisible = 0;
			defaultConfigurationName = Release;
		};
		2382EAF12CDE23370072CFAC /* Build configuration list for PBXNativeTarget "Thunder GalleryUITests" */ = {
			isa = XCConfigurationList;
			buildConfigurations = (
				2382EAF22CDE23370072CFAC /* Debug */,
				2382EAF32CDE23370072CFAC /* Release */,
			);
			defaultConfigurationIsVisible = 0;
			defaultConfigurationName = Release;
		};
/* End XCConfigurationList section */
	};
	rootObject = 2382EABF2CDE23350072CFAC /* Project object */;
}
